// !$*UTF8*$!
{
	archiveVersion = 1;
	classes = {
	};
	objectVersion = 46;
	objects = {

/* Begin PBXBuildFile section */
		2E0D96151E6FD61F00E9CAE2 /* UIView+XMFrame.m in Sources */ = {isa = PBXBuildFile; fileRef = 2E0D96141E6FD61F00E9CAE2 /* UIView+XMFrame.m */; };
		2E0D96181E6FD89600E9CAE2 /* UIButton+XMEvent.m in Sources */ = {isa = PBXBuildFile; fileRef = 2E0D96171E6FD89600E9CAE2 /* UIButton+XMEvent.m */; };
		2E0D961B1E710AC800E9CAE2 /* XMPickerTopBar.m in Sources */ = {isa = PBXBuildFile; fileRef = 2E0D961A1E710AC800E9CAE2 /* XMPickerTopBar.m */; };
		2E0D96231E71276800E9CAE2 /* XMViewController3.m in Sources */ = {isa = PBXBuildFile; fileRef = 2E0D96221E71276800E9CAE2 /* XMViewController3.m */; };
		2E0D96261E71277300E9CAE2 /* XMViewController4.m in Sources */ = {isa = PBXBuildFile; fileRef = 2E0D96251E71277300E9CAE2 /* XMViewController4.m */; };
		2E0D96291E71278100E9CAE2 /* XMViewController2.m in Sources */ = {isa = PBXBuildFile; fileRef = 2E0D96281E71278100E9CAE2 /* XMViewController2.m */; };
		2E0D962C1E71279100E9CAE2 /* XMViewController5.m in Sources */ = {isa = PBXBuildFile; fileRef = 2E0D962B1E71279100E9CAE2 /* XMViewController5.m */; };
		2E0D962F1E7127C900E9CAE2 /* XMTableViewController.m in Sources */ = {isa = PBXBuildFile; fileRef = 2E0D962E1E7127C900E9CAE2 /* XMTableViewController.m */; };
		2E0D96321E712AA700E9CAE2 /* XMViewController.m in Sources */ = {isa = PBXBuildFile; fileRef = 2E0D96311E712AA700E9CAE2 /* XMViewController.m */; };
		2E0D96351E7138FE00E9CAE2 /* Info.plist in Resources */ = {isa = PBXBuildFile; fileRef = 2E0D96331E7138FE00E9CAE2 /* Info.plist */; };
		2E0D96361E7138FE00E9CAE2 /* main.m in Sources */ = {isa = PBXBuildFile; fileRef = 2E0D96341E7138FE00E9CAE2 /* main.m */; };
		2E0D96381E71390D00E9CAE2 /* LaunchScreen.storyboard in Resources */ = {isa = PBXBuildFile; fileRef = 2E0D96371E71390D00E9CAE2 /* LaunchScreen.storyboard */; };
		2E0D963A1E71391A00E9CAE2 /* Main.storyboard in Resources */ = {isa = PBXBuildFile; fileRef = 2E0D96391E71391A00E9CAE2 /* Main.storyboard */; };
		2E0D963C1E71392600E9CAE2 /* Assets.xcassets in Resources */ = {isa = PBXBuildFile; fileRef = 2E0D963B1E71392600E9CAE2 /* Assets.xcassets */; };
		2E0D963F1E71394300E9CAE2 /* AppDelegate.m in Sources */ = {isa = PBXBuildFile; fileRef = 2E0D963E1E71394300E9CAE2 /* AppDelegate.m */; };
		B50C742C1E6D9C210084C029 /* XMViewController1.m in Sources */ = {isa = PBXBuildFile; fileRef = B50C742B1E6D9C210084C029 /* XMViewController1.m */; };
		B50C743F1E6D9C210084C029 /* XMDatePickerTests.m in Sources */ = {isa = PBXBuildFile; fileRef = B50C743E1E6D9C210084C029 /* XMDatePickerTests.m */; };
		B50C744A1E6D9C210084C029 /* XMDatePickerUITests.m in Sources */ = {isa = PBXBuildFile; fileRef = B50C74491E6D9C210084C029 /* XMDatePickerUITests.m */; };
		B50C74591E6D9DF80084C029 /* XMDatePicker.m in Sources */ = {isa = PBXBuildFile; fileRef = B50C74581E6D9DF80084C029 /* XMDatePicker.m */; };
/* End PBXBuildFile section */

/* Begin PBXContainerItemProxy section */
		B50C743B1E6D9C210084C029 /* PBXContainerItemProxy */ = {
			isa = PBXContainerItemProxy;
			containerPortal = B50C74191E6D9C210084C029 /* Project object */;
			proxyType = 1;
			remoteGlobalIDString = B50C74201E6D9C210084C029;
			remoteInfo = XMDatePicker;
		};
		B50C74461E6D9C210084C029 /* PBXContainerItemProxy */ = {
			isa = PBXContainerItemProxy;
			containerPortal = B50C74191E6D9C210084C029 /* Project object */;
			proxyType = 1;
			remoteGlobalIDString = B50C74201E6D9C210084C029;
			remoteInfo = XMDatePicker;
		};
/* End PBXContainerItemProxy section */

/* Begin PBXFileReference section */
		2E0D96131E6FD61F00E9CAE2 /* UIView+XMFrame.h */ = {isa = PBXFileReference; fileEncoding = 4; lastKnownFileType = sourcecode.c.h; path = "UIView+XMFrame.h"; sourceTree = "<group>"; };
		2E0D96141E6FD61F00E9CAE2 /* UIView+XMFrame.m */ = {isa = PBXFileReference; fileEncoding = 4; lastKnownFileType = sourcecode.c.objc; path = "UIView+XMFrame.m"; sourceTree = "<group>"; };
		2E0D96161E6FD89600E9CAE2 /* UIButton+XMEvent.h */ = {isa = PBXFileReference; fileEncoding = 4; lastKnownFileType = sourcecode.c.h; path = "UIButton+XMEvent.h"; sourceTree = "<group>"; };
		2E0D96171E6FD89600E9CAE2 /* UIButton+XMEvent.m */ = {isa = PBXFileReference; fileEncoding = 4; lastKnownFileType = sourcecode.c.objc; path = "UIButton+XMEvent.m"; sourceTree = "<group>"; };
		2E0D96191E710AC800E9CAE2 /* XMPickerTopBar.h */ = {isa = PBXFileReference; fileEncoding = 4; lastKnownFileType = sourcecode.c.h; path = XMPickerTopBar.h; sourceTree = "<group>"; };
		2E0D961A1E710AC800E9CAE2 /* XMPickerTopBar.m */ = {isa = PBXFileReference; fileEncoding = 4; lastKnownFileType = sourcecode.c.objc; path = XMPickerTopBar.m; sourceTree = "<group>"; };
		2E0D96211E71276800E9CAE2 /* XMViewController3.h */ = {isa = PBXFileReference; fileEncoding = 4; lastKnownFileType = sourcecode.c.h; path = XMViewController3.h; sourceTree = "<group>"; };
		2E0D96221E71276800E9CAE2 /* XMViewController3.m */ = {isa = PBXFileReference; fileEncoding = 4; lastKnownFileType = sourcecode.c.objc; path = XMViewController3.m; sourceTree = "<group>"; };
		2E0D96241E71277200E9CAE2 /* XMViewController4.h */ = {isa = PBXFileReference; fileEncoding = 4; lastKnownFileType = sourcecode.c.h; path = XMViewController4.h; sourceTree = "<group>"; };
		2E0D96251E71277300E9CAE2 /* XMViewController4.m */ = {isa = PBXFileReference; fileEncoding = 4; lastKnownFileType = sourcecode.c.objc; path = XMViewController4.m; sourceTree = "<group>"; };
		2E0D96271E71278100E9CAE2 /* XMViewController2.h */ = {isa = PBXFileReference; fileEncoding = 4; lastKnownFileType = sourcecode.c.h; path = XMViewController2.h; sourceTree = "<group>"; };
		2E0D96281E71278100E9CAE2 /* XMViewController2.m */ = {isa = PBXFileReference; fileEncoding = 4; lastKnownFileType = sourcecode.c.objc; path = XMViewController2.m; sourceTree = "<group>"; };
		2E0D962A1E71279100E9CAE2 /* XMViewController5.h */ = {isa = PBXFileReference; fileEncoding = 4; lastKnownFileType = sourcecode.c.h; path = XMViewController5.h; sourceTree = "<group>"; };
		2E0D962B1E71279100E9CAE2 /* XMViewController5.m */ = {isa = PBXFileReference; fileEncoding = 4; lastKnownFileType = sourcecode.c.objc; path = XMViewController5.m; sourceTree = "<group>"; };
		2E0D962D1E7127C900E9CAE2 /* XMTableViewController.h */ = {isa = PBXFileReference; fileEncoding = 4; lastKnownFileType = sourcecode.c.h; path = XMTableViewController.h; sourceTree = "<group>"; };
		2E0D962E1E7127C900E9CAE2 /* XMTableViewController.m */ = {isa = PBXFileReference; fileEncoding = 4; lastKnownFileType = sourcecode.c.objc; path = XMTableViewController.m; sourceTree = "<group>"; };
		2E0D96301E712AA700E9CAE2 /* XMViewController.h */ = {isa = PBXFileReference; fileEncoding = 4; lastKnownFileType = sourcecode.c.h; path = XMViewController.h; sourceTree = "<group>"; };
		2E0D96311E712AA700E9CAE2 /* XMViewController.m */ = {isa = PBXFileReference; fileEncoding = 4; lastKnownFileType = sourcecode.c.objc; path = XMViewController.m; sourceTree = "<group>"; };
		2E0D96331E7138FE00E9CAE2 /* Info.plist */ = {isa = PBXFileReference; fileEncoding = 4; lastKnownFileType = text.plist.xml; path = Info.plist; sourceTree = "<group>"; };
		2E0D96341E7138FE00E9CAE2 /* main.m */ = {isa = PBXFileReference; fileEncoding = 4; lastKnownFileType = sourcecode.c.objc; path = main.m; sourceTree = "<group>"; };
		2E0D96371E71390D00E9CAE2 /* LaunchScreen.storyboard */ = {isa = PBXFileReference; fileEncoding = 4; lastKnownFileType = file.storyboard; path = LaunchScreen.storyboard; sourceTree = "<group>"; };
		2E0D96391E71391A00E9CAE2 /* Main.storyboard */ = {isa = PBXFileReference; fileEncoding = 4; lastKnownFileType = file.storyboard; path = Main.storyboard; sourceTree = "<group>"; };
		2E0D963B1E71392600E9CAE2 /* Assets.xcassets */ = {isa = PBXFileReference; lastKnownFileType = folder.assetcatalog; path = Assets.xcassets; sourceTree = "<group>"; };
		2E0D963D1E71394300E9CAE2 /* AppDelegate.h */ = {isa = PBXFileReference; fileEncoding = 4; lastKnownFileType = sourcecode.c.h; path = AppDelegate.h; sourceTree = "<group>"; };
		2E0D963E1E71394300E9CAE2 /* AppDelegate.m */ = {isa = PBXFileReference; fileEncoding = 4; lastKnownFileType = sourcecode.c.objc; path = AppDelegate.m; sourceTree = "<group>"; };
		B50C74211E6D9C210084C029 /* XMDatePicker.app */ = {isa = PBXFileReference; explicitFileType = wrapper.application; includeInIndex = 0; path = XMDatePicker.app; sourceTree = BUILT_PRODUCTS_DIR; };
		B50C742A1E6D9C210084C029 /* XMViewController1.h */ = {isa = PBXFileReference; lastKnownFileType = sourcecode.c.h; name = XMViewController1.h; path = ../XMDatePicker/XMViewController1.h; sourceTree = "<group>"; };
		B50C742B1E6D9C210084C029 /* XMViewController1.m */ = {isa = PBXFileReference; lastKnownFileType = sourcecode.c.objc; name = XMViewController1.m; path = ../XMDatePicker/XMViewController1.m; sourceTree = "<group>"; };
		B50C743A1E6D9C210084C029 /* XMDatePickerTests.xctest */ = {isa = PBXFileReference; explicitFileType = wrapper.cfbundle; includeInIndex = 0; path = XMDatePickerTests.xctest; sourceTree = BUILT_PRODUCTS_DIR; };
		B50C743E1E6D9C210084C029 /* XMDatePickerTests.m */ = {isa = PBXFileReference; lastKnownFileType = sourcecode.c.objc; path = XMDatePickerTests.m; sourceTree = "<group>"; };
		B50C74401E6D9C210084C029 /* Info.plist */ = {isa = PBXFileReference; lastKnownFileType = text.plist.xml; path = Info.plist; sourceTree = "<group>"; };
		B50C74451E6D9C210084C029 /* XMDatePickerUITests.xctest */ = {isa = PBXFileReference; explicitFileType = wrapper.cfbundle; includeInIndex = 0; path = XMDatePickerUITests.xctest; sourceTree = BUILT_PRODUCTS_DIR; };
		B50C74491E6D9C210084C029 /* XMDatePickerUITests.m */ = {isa = PBXFileReference; lastKnownFileType = sourcecode.c.objc; path = XMDatePickerUITests.m; sourceTree = "<group>"; };
		B50C744B1E6D9C210084C029 /* Info.plist */ = {isa = PBXFileReference; lastKnownFileType = text.plist.xml; path = Info.plist; sourceTree = "<group>"; };
		B50C74571E6D9DF80084C029 /* XMDatePicker.h */ = {isa = PBXFileReference; fileEncoding = 4; lastKnownFileType = sourcecode.c.h; path = XMDatePicker.h; sourceTree = "<group>"; };
		B50C74581E6D9DF80084C029 /* XMDatePicker.m */ = {isa = PBXFileReference; fileEncoding = 4; lastKnownFileType = sourcecode.c.objc; path = XMDatePicker.m; sourceTree = "<group>"; };
/* End PBXFileReference section */

/* Begin PBXFrameworksBuildPhase section */
		B50C741E1E6D9C210084C029 /* Frameworks */ = {
			isa = PBXFrameworksBuildPhase;
			buildActionMask = 2147483647;
			files = (
			);
			runOnlyForDeploymentPostprocessing = 0;
		};
		B50C74371E6D9C210084C029 /* Frameworks */ = {
			isa = PBXFrameworksBuildPhase;
			buildActionMask = 2147483647;
			files = (
			);
			runOnlyForDeploymentPostprocessing = 0;
		};
		B50C74421E6D9C210084C029 /* Frameworks */ = {
			isa = PBXFrameworksBuildPhase;
			buildActionMask = 2147483647;
			files = (
			);
			runOnlyForDeploymentPostprocessing = 0;
		};
/* End PBXFrameworksBuildPhase section */

/* Begin PBXGroup section */
		2E0D961C1E7126CC00E9CAE2 /* XMDatePickerDemo */ = {
			isa = PBXGroup;
			children = (
				2E0D962D1E7127C900E9CAE2 /* XMTableViewController.h */,
				2E0D962E1E7127C900E9CAE2 /* XMTableViewController.m */,
				2E0D96301E712AA700E9CAE2 /* XMViewController.h */,
				2E0D96311E712AA700E9CAE2 /* XMViewController.m */,
				B50C742A1E6D9C210084C029 /* XMViewController1.h */,
				B50C742B1E6D9C210084C029 /* XMViewController1.m */,
				2E0D96271E71278100E9CAE2 /* XMViewController2.h */,
				2E0D96281E71278100E9CAE2 /* XMViewController2.m */,
				2E0D96211E71276800E9CAE2 /* XMViewController3.h */,
				2E0D96221E71276800E9CAE2 /* XMViewController3.m */,
				2E0D96241E71277200E9CAE2 /* XMViewController4.h */,
				2E0D96251E71277300E9CAE2 /* XMViewController4.m */,
				2E0D962A1E71279100E9CAE2 /* XMViewController5.h */,
				2E0D962B1E71279100E9CAE2 /* XMViewController5.m */,
			);
			path = XMDatePickerDemo;
			sourceTree = "<group>";
		};
		2E0D961D1E7126E600E9CAE2 /* Other */ = {
			isa = PBXGroup;
			children = (
				2E0D963D1E71394300E9CAE2 /* AppDelegate.h */,
				2E0D963E1E71394300E9CAE2 /* AppDelegate.m */,
			);
			path = Other;
			sourceTree = "<group>";
		};
		B50C74181E6D9C210084C029 = {
			isa = PBXGroup;
			children = (
				B50C74231E6D9C210084C029 /* XMDatePicker */,
				2E0D961C1E7126CC00E9CAE2 /* XMDatePickerDemo */,
				2E0D961D1E7126E600E9CAE2 /* Other */,
				B50C74241E6D9C210084C029 /* Supporting Files */,
				B50C743D1E6D9C210084C029 /* XMDatePickerTests */,
				B50C74481E6D9C210084C029 /* XMDatePickerUITests */,
				B50C74221E6D9C210084C029 /* Products */,
			);
			sourceTree = "<group>";
		};
		B50C74221E6D9C210084C029 /* Products */ = {
			isa = PBXGroup;
			children = (
				B50C74211E6D9C210084C029 /* XMDatePicker.app */,
				B50C743A1E6D9C210084C029 /* XMDatePickerTests.xctest */,
				B50C74451E6D9C210084C029 /* XMDatePickerUITests.xctest */,
			);
			name = Products;
			sourceTree = "<group>";
		};
		B50C74231E6D9C210084C029 /* XMDatePicker */ = {
			isa = PBXGroup;
			children = (
				B50C74571E6D9DF80084C029 /* XMDatePicker.h */,
				B50C74581E6D9DF80084C029 /* XMDatePicker.m */,
				2E0D96191E710AC800E9CAE2 /* XMPickerTopBar.h */,
				2E0D961A1E710AC800E9CAE2 /* XMPickerTopBar.m */,
				2E0D96131E6FD61F00E9CAE2 /* UIView+XMFrame.h */,
				2E0D96141E6FD61F00E9CAE2 /* UIView+XMFrame.m */,
				2E0D96161E6FD89600E9CAE2 /* UIButton+XMEvent.h */,
				2E0D96171E6FD89600E9CAE2 /* UIButton+XMEvent.m */,
			);
			path = XMDatePicker;
			sourceTree = "<group>";
		};
		B50C74241E6D9C210084C029 /* Supporting Files */ = {
			isa = PBXGroup;
			children = (
				2E0D963B1E71392600E9CAE2 /* Assets.xcassets */,
				2E0D96391E71391A00E9CAE2 /* Main.storyboard */,
				2E0D96371E71390D00E9CAE2 /* LaunchScreen.storyboard */,
				2E0D96331E7138FE00E9CAE2 /* Info.plist */,
				2E0D96341E7138FE00E9CAE2 /* main.m */,
			);
			name = "Supporting Files";
			path = XMDatePicker;
			sourceTree = "<group>";
		};
		B50C743D1E6D9C210084C029 /* XMDatePickerTests */ = {
			isa = PBXGroup;
			children = (
				B50C743E1E6D9C210084C029 /* XMDatePickerTests.m */,
				B50C74401E6D9C210084C029 /* Info.plist */,
			);
			path = XMDatePickerTests;
			sourceTree = "<group>";
		};
		B50C74481E6D9C210084C029 /* XMDatePickerUITests */ = {
			isa = PBXGroup;
			children = (
				B50C74491E6D9C210084C029 /* XMDatePickerUITests.m */,
				B50C744B1E6D9C210084C029 /* Info.plist */,
			);
			path = XMDatePickerUITests;
			sourceTree = "<group>";
		};
/* End PBXGroup section */

/* Begin PBXNativeTarget section */
		B50C74201E6D9C210084C029 /* XMDatePicker */ = {
			isa = PBXNativeTarget;
			buildConfigurationList = B50C744E1E6D9C210084C029 /* Build configuration list for PBXNativeTarget "XMDatePicker" */;
			buildPhases = (
				B50C741D1E6D9C210084C029 /* Sources */,
				B50C741E1E6D9C210084C029 /* Frameworks */,
				B50C741F1E6D9C210084C029 /* Resources */,
			);
			buildRules = (
			);
			dependencies = (
			);
			name = XMDatePicker;
			productName = XMDatePicker;
			productReference = B50C74211E6D9C210084C029 /* XMDatePicker.app */;
			productType = "com.apple.product-type.application";
		};
		B50C74391E6D9C210084C029 /* XMDatePickerTests */ = {
			isa = PBXNativeTarget;
			buildConfigurationList = B50C74511E6D9C210084C029 /* Build configuration list for PBXNativeTarget "XMDatePickerTests" */;
			buildPhases = (
				B50C74361E6D9C210084C029 /* Sources */,
				B50C74371E6D9C210084C029 /* Frameworks */,
				B50C74381E6D9C210084C029 /* Resources */,
			);
			buildRules = (
			);
			dependencies = (
				B50C743C1E6D9C210084C029 /* PBXTargetDependency */,
			);
			name = XMDatePickerTests;
			productName = XMDatePickerTests;
			productReference = B50C743A1E6D9C210084C029 /* XMDatePickerTests.xctest */;
			productType = "com.apple.product-type.bundle.unit-test";
		};
		B50C74441E6D9C210084C029 /* XMDatePickerUITests */ = {
			isa = PBXNativeTarget;
			buildConfigurationList = B50C74541E6D9C210084C029 /* Build configuration list for PBXNativeTarget "XMDatePickerUITests" */;
			buildPhases = (
				B50C74411E6D9C210084C029 /* Sources */,
				B50C74421E6D9C210084C029 /* Frameworks */,
				B50C74431E6D9C210084C029 /* Resources */,
			);
			buildRules = (
			);
			dependencies = (
				B50C74471E6D9C210084C029 /* PBXTargetDependency */,
			);
			name = XMDatePickerUITests;
			productName = XMDatePickerUITests;
			productReference = B50C74451E6D9C210084C029 /* XMDatePickerUITests.xctest */;
			productType = "com.apple.product-type.bundle.ui-testing";
		};
/* End PBXNativeTarget section */

/* Begin PBXProject section */
		B50C74191E6D9C210084C029 /* Project object */ = {
			isa = PBXProject;
			attributes = {
				LastUpgradeCheck = 0820;
				ORGANIZATIONNAME = hanna;
				TargetAttributes = {
					B50C74201E6D9C210084C029 = {
						CreatedOnToolsVersion = 8.2.1;
						DevelopmentTeam = 2HLUCQHJKS;
						ProvisioningStyle = Automatic;
					};
					B50C74391E6D9C210084C029 = {
						CreatedOnToolsVersion = 8.2.1;
						DevelopmentTeam = 2HLUCQHJKS;
						ProvisioningStyle = Automatic;
						TestTargetID = B50C74201E6D9C210084C029;
					};
					B50C74441E6D9C210084C029 = {
						CreatedOnToolsVersion = 8.2.1;
						DevelopmentTeam = 2HLUCQHJKS;
						ProvisioningStyle = Automatic;
						TestTargetID = B50C74201E6D9C210084C029;
					};
				};
			};
			buildConfigurationList = B50C741C1E6D9C210084C029 /* Build configuration list for PBXProject "XMDatePicker" */;
			compatibilityVersion = "Xcode 3.2";
			developmentRegion = English;
			hasScannedForEncodings = 0;
			knownRegions = (
				en,
				Base,
			);
			mainGroup = B50C74181E6D9C210084C029;
			productRefGroup = B50C74221E6D9C210084C029 /* Products */;
			projectDirPath = "";
			projectRoot = "";
			targets = (
				B50C74201E6D9C210084C029 /* XMDatePicker */,
				B50C74391E6D9C210084C029 /* XMDatePickerTests */,
				B50C74441E6D9C210084C029 /* XMDatePickerUITests */,
			);
		};
/* End PBXProject section */

/* Begin PBXResourcesBuildPhase section */
		B50C741F1E6D9C210084C029 /* Resources */ = {
			isa = PBXResourcesBuildPhase;
			buildActionMask = 2147483647;
			files = (
				2E0D96351E7138FE00E9CAE2 /* Info.plist in Resources */,
				2E0D96381E71390D00E9CAE2 /* LaunchScreen.storyboard in Resources */,
				2E0D963C1E71392600E9CAE2 /* Assets.xcassets in Resources */,
				2E0D963A1E71391A00E9CAE2 /* Main.storyboard in Resources */,
			);
			runOnlyForDeploymentPostprocessing = 0;
		};
		B50C74381E6D9C210084C029 /* Resources */ = {
			isa = PBXResourcesBuildPhase;
			buildActionMask = 2147483647;
			files = (
			);
			runOnlyForDeploymentPostprocessing = 0;
		};
		B50C74431E6D9C210084C029 /* Resources */ = {
			isa = PBXResourcesBuildPhase;
			buildActionMask = 2147483647;
			files = (
			);
			runOnlyForDeploymentPostprocessing = 0;
		};
/* End PBXResourcesBuildPhase section */

/* Begin PBXSourcesBuildPhase section */
		B50C741D1E6D9C210084C029 /* Sources */ = {
			isa = PBXSourcesBuildPhase;
			buildActionMask = 2147483647;
			files = (
				2E0D96361E7138FE00E9CAE2 /* main.m in Sources */,
				2E0D96261E71277300E9CAE2 /* XMViewController4.m in Sources */,
				2E0D96151E6FD61F00E9CAE2 /* UIView+XMFrame.m in Sources */,
				2E0D962F1E7127C900E9CAE2 /* XMTableViewController.m in Sources */,
				2E0D96231E71276800E9CAE2 /* XMViewController3.m in Sources */,
				2E0D96181E6FD89600E9CAE2 /* UIButton+XMEvent.m in Sources */,
				2E0D963F1E71394300E9CAE2 /* AppDelegate.m in Sources */,
				B50C742C1E6D9C210084C029 /* XMViewController1.m in Sources */,
				2E0D961B1E710AC800E9CAE2 /* XMPickerTopBar.m in Sources */,
				2E0D962C1E71279100E9CAE2 /* XMViewController5.m in Sources */,
				B50C74591E6D9DF80084C029 /* XMDatePicker.m in Sources */,
				2E0D96291E71278100E9CAE2 /* XMViewController2.m in Sources */,
				2E0D96321E712AA700E9CAE2 /* XMViewController.m in Sources */,
			);
			runOnlyForDeploymentPostprocessing = 0;
		};
		B50C74361E6D9C210084C029 /* Sources */ = {
			isa = PBXSourcesBuildPhase;
			buildActionMask = 2147483647;
			files = (
				B50C743F1E6D9C210084C029 /* XMDatePickerTests.m in Sources */,
			);
			runOnlyForDeploymentPostprocessing = 0;
		};
		B50C74411E6D9C210084C029 /* Sources */ = {
			isa = PBXSourcesBuildPhase;
			buildActionMask = 2147483647;
			files = (
				B50C744A1E6D9C210084C029 /* XMDatePickerUITests.m in Sources */,
			);
			runOnlyForDeploymentPostprocessing = 0;
		};
/* End PBXSourcesBuildPhase section */

/* Begin PBXTargetDependency section */
		B50C743C1E6D9C210084C029 /* PBXTargetDependency */ = {
			isa = PBXTargetDependency;
			target = B50C74201E6D9C210084C029 /* XMDatePicker */;
			targetProxy = B50C743B1E6D9C210084C029 /* PBXContainerItemProxy */;
		};
		B50C74471E6D9C210084C029 /* PBXTargetDependency */ = {
			isa = PBXTargetDependency;
			target = B50C74201E6D9C210084C029 /* XMDatePicker */;
			targetProxy = B50C74461E6D9C210084C029 /* PBXContainerItemProxy */;
		};
/* End PBXTargetDependency section */

/* Begin XCBuildConfiguration section */
		B50C744C1E6D9C210084C029 /* Debug */ = {
			isa = XCBuildConfiguration;
			buildSettings = {
				ALWAYS_SEARCH_USER_PATHS = NO;
				CLANG_ANALYZER_NONNULL = YES;
				CLANG_CXX_LANGUAGE_STANDARD = "gnu++0x";
				CLANG_CXX_LIBRARY = "libc++";
				CLANG_ENABLE_MODULES = YES;
				CLANG_ENABLE_OBJC_ARC = YES;
				CLANG_WARN_BOOL_CONVERSION = YES;
				CLANG_WARN_CONSTANT_CONVERSION = YES;
				CLANG_WARN_DIRECT_OBJC_ISA_USAGE = YES_ERROR;
				CLANG_WARN_DOCUMENTATION_COMMENTS = YES;
				CLANG_WARN_EMPTY_BODY = YES;
				CLANG_WARN_ENUM_CONVERSION = YES;
				CLANG_WARN_INFINITE_RECURSION = YES;
				CLANG_WARN_INT_CONVERSION = YES;
				CLANG_WARN_OBJC_ROOT_CLASS = YES_ERROR;
				CLANG_WARN_SUSPICIOUS_MOVE = YES;
				CLANG_WARN_UNREACHABLE_CODE = YES;
				CLANG_WARN__DUPLICATE_METHOD_MATCH = YES;
				"CODE_SIGN_IDENTITY[sdk=iphoneos*]" = "iPhone Developer";
				COPY_PHASE_STRIP = NO;
				DEBUG_INFORMATION_FORMAT = dwarf;
				ENABLE_STRICT_OBJC_MSGSEND = YES;
				ENABLE_TESTABILITY = YES;
				GCC_C_LANGUAGE_STANDARD = gnu99;
				GCC_DYNAMIC_NO_PIC = NO;
				GCC_NO_COMMON_BLOCKS = YES;
				GCC_OPTIMIZATION_LEVEL = 0;
				GCC_PREPROCESSOR_DEFINITIONS = (
					"DEBUG=1",
					"$(inherited)",
				);
				GCC_WARN_64_TO_32_BIT_CONVERSION = YES;
				GCC_WARN_ABOUT_RETURN_TYPE = YES_ERROR;
				GCC_WARN_UNDECLARED_SELECTOR = YES;
				GCC_WARN_UNINITIALIZED_AUTOS = YES_AGGRESSIVE;
				GCC_WARN_UNUSED_FUNCTION = YES;
				GCC_WARN_UNUSED_VARIABLE = YES;
				IPHONEOS_DEPLOYMENT_TARGET = 10.2;
				MTL_ENABLE_DEBUG_INFO = YES;
				ONLY_ACTIVE_ARCH = YES;
				SDKROOT = iphoneos;
				TARGETED_DEVICE_FAMILY = "1,2";
			};
			name = Debug;
		};
		B50C744D1E6D9C210084C029 /* Release */ = {
			isa = XCBuildConfiguration;
			buildSettings = {
				ALWAYS_SEARCH_USER_PATHS = NO;
				CLANG_ANALYZER_NONNULL = YES;
				CLANG_CXX_LANGUAGE_STANDARD = "gnu++0x";
				CLANG_CXX_LIBRARY = "libc++";
				CLANG_ENABLE_MODULES = YES;
				CLANG_ENABLE_OBJC_ARC = YES;
				CLANG_WARN_BOOL_CONVERSION = YES;
				CLANG_WARN_CONSTANT_CONVERSION = YES;
				CLANG_WARN_DIRECT_OBJC_ISA_USAGE = YES_ERROR;
				CLANG_WARN_DOCUMENTATION_COMMENTS = YES;
				CLANG_WARN_EMPTY_BODY = YES;
				CLANG_WARN_ENUM_CONVERSION = YES;
				CLANG_WARN_INFINITE_RECURSION = YES;
				CLANG_WARN_INT_CONVERSION = YES;
				CLANG_WARN_OBJC_ROOT_CLASS = YES_ERROR;
				CLANG_WARN_SUSPICIOUS_MOVE = YES;
				CLANG_WARN_UNREACHABLE_CODE = YES;
				CLANG_WARN__DUPLICATE_METHOD_MATCH = YES;
				"CODE_SIGN_IDENTITY[sdk=iphoneos*]" = "iPhone Developer";
				COPY_PHASE_STRIP = NO;
				DEBUG_INFORMATION_FORMAT = "dwarf-with-dsym";
				ENABLE_NS_ASSERTIONS = NO;
				ENABLE_STRICT_OBJC_MSGSEND = YES;
				GCC_C_LANGUAGE_STANDARD = gnu99;
				GCC_NO_COMMON_BLOCKS = YES;
				GCC_WARN_64_TO_32_BIT_CONVERSION = YES;
				GCC_WARN_ABOUT_RETURN_TYPE = YES_ERROR;
				GCC_WARN_UNDECLARED_SELECTOR = YES;
				GCC_WARN_UNINITIALIZED_AUTOS = YES_AGGRESSIVE;
				GCC_WARN_UNUSED_FUNCTION = YES;
				GCC_WARN_UNUSED_VARIABLE = YES;
				IPHONEOS_DEPLOYMENT_TARGET = 10.2;
				MTL_ENABLE_DEBUG_INFO = NO;
				SDKROOT = iphoneos;
				TARGETED_DEVICE_FAMILY = "1,2";
				VALIDATE_PRODUCT = YES;
			};
			name = Release;
		};
		B50C744F1E6D9C210084C029 /* Debug */ = {
			isa = XCBuildConfiguration;
			buildSettings = {
				ASSETCATALOG_COMPILER_APPICON_NAME = AppIcon;
				DEVELOPMENT_TEAM = 2HLUCQHJKS;
				INFOPLIST_FILE = XMDatePicker/Info.plist;
				IPHONEOS_DEPLOYMENT_TARGET = 9.0;
				LD_RUNPATH_SEARCH_PATHS = "$(inherited) @executable_path/Frameworks";
				PRODUCT_BUNDLE_IDENTIFIER = com.hanna.XMDatePicker;
				PRODUCT_NAME = "$(TARGET_NAME)";
			};
			name = Debug;
		};
		B50C74501E6D9C210084C029 /* Release */ = {
			isa = XCBuildConfiguration;
			buildSettings = {
				ASSETCATALOG_COMPILER_APPICON_NAME = AppIcon;
				DEVELOPMENT_TEAM = 2HLUCQHJKS;
				INFOPLIST_FILE = XMDatePicker/Info.plist;
				IPHONEOS_DEPLOYMENT_TARGET = 9.0;
				LD_RUNPATH_SEARCH_PATHS = "$(inherited) @executable_path/Frameworks";
				PRODUCT_BUNDLE_IDENTIFIER = com.hanna.XMDatePicker;
				PRODUCT_NAME = "$(TARGET_NAME)";
			};
			name = Release;
		};
		B50C74521E6D9C210084C029 /* Debug */ = {
			isa = XCBuildConfiguration;
			buildSettings = {
				BUNDLE_LOADER = "$(TEST_HOST)";
				DEVELOPMENT_TEAM = 2HLUCQHJKS;
				INFOPLIST_FILE = XMDatePickerTests/Info.plist;
				LD_RUNPATH_SEARCH_PATHS = "$(inherited) @executable_path/Frameworks @loader_path/Frameworks";
				PRODUCT_BUNDLE_IDENTIFIER = com.hanna.XMDatePickerTests;
				PRODUCT_NAME = "$(TARGET_NAME)";
				TEST_HOST = "$(BUILT_PRODUCTS_DIR)/XMDatePicker.app/XMDatePicker";
			};
			name = Debug;
		};
		B50C74531E6D9C210084C029 /* Release */ = {
			isa = XCBuildConfiguration;
			buildSettings = {
				BUNDLE_LOADER = "$(TEST_HOST)";
				DEVELOPMENT_TEAM = 2HLUCQHJKS;
				INFOPLIST_FILE = XMDatePickerTests/Info.plist;
				LD_RUNPATH_SEARCH_PATHS = "$(inherited) @executable_path/Frameworks @loader_path/Frameworks";
				PRODUCT_BUNDLE_IDENTIFIER = com.hanna.XMDatePickerTests;
				PRODUCT_NAME = "$(TARGET_NAME)";
				TEST_HOST = "$(BUILT_PRODUCTS_DIR)/XMDatePicker.app/XMDatePicker";
			};
			name = Release;
		};
		B50C74551E6D9C210084C029 /* Debug */ = {
			isa = XCBuildConfiguration;
			buildSettings = {
				DEVELOPMENT_TEAM = 2HLUCQHJKS;
				INFOPLIST_FILE = XMDatePickerUITests/Info.plist;
				LD_RUNPATH_SEARCH_PATHS = "$(inherited) @executable_path/Frameworks @loader_path/Frameworks";
				PRODUCT_BUNDLE_IDENTIFIER = com.hanna.XMDatePickerUITests;
				PRODUCT_NAME = "$(TARGET_NAME)";
				TEST_TARGET_NAME = XMDatePicker;
			};
			name = Debug;
		};
		B50C74561E6D9C210084C029 /* Release */ = {
			isa = XCBuildConfiguration;
			buildSettings = {
				DEVELOPMENT_TEAM = 2HLUCQHJKS;
				INFOPLIST_FILE = XMDatePickerUITests/Info.plist;
				LD_RUNPATH_SEARCH_PATHS = "$(inherited) @executable_path/Frameworks @loader_path/Frameworks";
				PRODUCT_BUNDLE_IDENTIFIER = com.hanna.XMDatePickerUITests;
				PRODUCT_NAME = "$(TARGET_NAME)";
				TEST_TARGET_NAME = XMDatePicker;
			};
			name = Release;
		};
/* End XCBuildConfiguration section */

/* Begin XCConfigurationList section */
		B50C741C1E6D9C210084C029 /* Build configuration list for PBXProject "XMDatePicker" */ = {
			isa = XCConfigurationList;
			buildConfigurations = (
				B50C744C1E6D9C210084C029 /* Debug */,
				B50C744D1E6D9C210084C029 /* Release */,
			);
			defaultConfigurationIsVisible = 0;
			defaultConfigurationName = Release;
		};
		B50C744E1E6D9C210084C029 /* Build configuration list for PBXNativeTarget "XMDatePicker" */ = {
			isa = XCConfigurationList;
			buildConfigurations = (
				B50C744F1E6D9C210084C029 /* Debug */,
				B50C74501E6D9C210084C029 /* Release */,
			);
			defaultConfigurationIsVisible = 0;
			defaultConfigurationName = Release;
		};
		B50C74511E6D9C210084C029 /* Build configuration list for PBXNativeTarget "XMDatePickerTests" */ = {
			isa = XCConfigurationList;
			buildConfigurations = (
				B50C74521E6D9C210084C029 /* Debug */,
				B50C74531E6D9C210084C029 /* Release */,
			);
			defaultConfigurationIsVisible = 0;
			defaultConfigurationName = Release;
		};
		B50C74541E6D9C210084C029 /* Build configuration list for PBXNativeTarget "XMDatePickerUITests" */ = {
			isa = XCConfigurationList;
			buildConfigurations = (
				B50C74551E6D9C210084C029 /* Debug */,
				B50C74561E6D9C210084C029 /* Release */,
			);
			defaultConfigurationIsVisible = 0;
			defaultConfigurationName = Release;
		};
/* End XCConfigurationList section */
	};
	rootObject = B50C74191E6D9C210084C029 /* Project object */;
}
